
Microsoft Visual Studio Solution File, Format Version 12.00
# Visual Studio Version 16
VisualStudioVersion = 16.0.30204.135
MinimumVisualStudioVersion = 10.0.40219.1
Project("{FAE04EC0-301F-11D3-BF4B-00C04F79EFBC}") = "RPGSzimulacio", "RPGSzimulacio\RPGSzimulacio.csproj", "{B29B3646-23DA-4C43-BDDC-344F7C71B6CD}"
EndProject
Global
	GlobalSection(SolutionConfigurationPlatforms) = preSolution
		Debug|Any CPU = Debug|Any CPU
		Release|Any CPU = Release|Any CPU
	EndGlobalSection
	GlobalSection(ProjectConfigurationPlatforms) = postSolution
		{B29B3646-23DA-4C43-BDDC-344F7C71B6CD}.Debug|Any CPU.ActiveCfg = Debug|Any CPU
		{B29B3646-23DA-4C43-BDDC-344F7C71B6CD}.Debug|Any CPU.Build.0 = Debug|Any CPU
		{B29B3646-23DA-4C43-BDDC-344F7C71B6CD}.Release|Any CPU.ActiveCfg = Release|Any CPU
		{B29B3646-23DA-4C43-BDDC-344F7C71B6CD}.Release|Any CPU.Build.0 = Release|Any CPU
	EndGlobalSection
	GlobalSection(SolutionProperties) = preSolution
		HideSolutionNode = FALSE
	EndGlobalSection
	GlobalSection(ExtensibilityGlobals) = postSolution
		SolutionGuid = {62A460A7-FF4F-4B3D-9067-E45339F3F771}
	EndGlobalSection
EndGlobal
